
Microsoft Visual Studio Solution File, Format Version 12.00
# Visual Studio Version 17
VisualStudioVersion = 17.4.33213.308
MinimumVisualStudioVersion = 10.0.40219.1
Project("{9A19103F-16F7-4668-BE54-9A1E7A4F7556}") = "interpreter", "interpreter.csproj", "{51B4E7AF-526A-4C05-A58D-4AC053A8E878}"
EndProject
Project("{2150E333-8FDC-42A3-9474-1A3956D46DE8}") = "Projektmappenelemente", "Projektmappenelemente", "{3A175F93-D480-4924-8798-AB6F46645754}"
	ProjectSection(SolutionItems) = preProject
		Class1.cs = Class1.cs
	EndProjectSection
EndProject
Global
	GlobalSection(SolutionConfigurationPlatforms) = preSolution
		Debug|Any CPU = Debug|Any CPU
		ExportDebug|Any CPU = ExportDebug|Any CPU
		ExportRelease|Any CPU = ExportRelease|Any CPU
	EndGlobalSection
	GlobalSection(ProjectConfigurationPlatforms) = postSolution
		{51B4E7AF-526A-4C05-A58D-4AC053A8E878}.Debug|Any CPU.ActiveCfg = Debug|Any CPU
		{51B4E7AF-526A-4C05-A58D-4AC053A8E878}.Debug|Any CPU.Build.0 = Debug|Any CPU
		{51B4E7AF-526A-4C05-A58D-4AC053A8E878}.ExportDebug|Any CPU.ActiveCfg = ExportDebug|Any CPU
		{51B4E7AF-526A-4C05-A58D-4AC053A8E878}.ExportDebug|Any CPU.Build.0 = ExportDebug|Any CPU
		{51B4E7AF-526A-4C05-A58D-4AC053A8E878}.ExportRelease|Any CPU.ActiveCfg = ExportRelease|Any CPU
		{51B4E7AF-526A-4C05-A58D-4AC053A8E878}.ExportRelease|Any CPU.Build.0 = ExportRelease|Any CPU
	EndGlobalSection
	GlobalSection(SolutionProperties) = preSolution
		HideSolutionNode = FALSE
	EndGlobalSection
	GlobalSection(ExtensibilityGlobals) = postSolution
		SolutionGuid = {56C96EFC-0251-49FA-93BA-5D8DCC2BFE48}
	EndGlobalSection
EndGlobal
